{
  "name": "hackathontesting",
  "lockfileVersion": 3,
  "requires": true,
  "packages": {
    "": {
      "dependencies": {
        "@zegocloud/zego-uikit-prebuilt": "^2.14.1-beta"
      }
    },
    "node_modules/@zegocloud/zego-uikit-prebuilt": {
      "version": "2.14.1-beta",
      "resolved": "https://registry.npmjs.org/@zegocloud/zego-uikit-prebuilt/-/zego-uikit-prebuilt-2.14.1-beta.tgz",
      "integrity": "sha512-9e+5Eh2EXRP1c0Y/XIZ9JhoKCuuOvdtDSJ7XQkwx/M1mtSRHxFU94dX/h1Unc5EBt67suJqHj81Q08fGM4Fl2A=="
    }
  }
}
